lockfileVersion: '9.0'

settings:
  autoInstallPeers: true
  excludeLinksFromLockfile: false

importers:

  .:
    devDependencies:
      turbo:
        specifier: latest
        version: 2.10.9

  packages/shared-providers:
    dependencies:
      '@aws-sdk/client-s3':
        specifier: ^3.1110.0
        version: 3.1110.0
      '@aws-sdk/s3-request-presigner':
        specifier: ^3.1110.0
        version: 3.1110.0
    devDependencies:
      '@types/node':
        specifier: ^20.0.0
        version: 20.19.43
      typescript:
        specifier: ^5.5.0
        version: 5.9.3

packages:

  '@aws-sdk/checksums@3.1000.27':
    resolution: {integrity: sha512-insWOqKKNUrbN/dohEG7BJ0U5GkyqhjbMb/NHNaLUtq+7my2M8C4EnZZZoxMmXRqCC+P9dEr+KyJA2JGGzoKLg==}
    engines: {node: '>=20.0.0'}

  '@aws-sdk/client-s3@3.1110.0':
    resolution: {integrity: sha512-40xbEcWjdaYKlZ4/NvndIJ3LotAEQAvHVQ7Z4NVy4Z4xGRN7xXJlHI9bMh/4aMJQ++6h5W5sv+wqjfk0rEKOBg==}
    engines: {node: '>=20.0.0'}

  '@aws-sdk/core@3.977.7':
    resolution: {integrity: sha512-I88Iov89NVmjSmJLKSv7Cn9M2J+a2942OkA8nZCbz+sl4ZeY4zEOcoLOrbt1GRfQ8zEQKnjAJdXixA3J/p1fDQ==}
    engines: {node: '>=20.0.0'}

  '@aws-sdk/credential-provider-env@3.972.68':
    resolution: {integrity: sha512-2a20A/IdNOwUvaDq91iqqS7BA0XlNMfW3iLGZGZLJv0EbUqhSxB0PIx4rQQqssvWj1uXImb3/UCCdHz/+1dOiA==}
    engines: {node: '>=20.0.0'}

  '@aws-sdk/credential-provider-http@3.972.70':
    resolution: {integrity: sha512-0yRem2Fs52r/Nn6UAqIlpjexfaYj8ziEozOe9tamtAVT/5bzFLKx8O2r7MaRqgS3hGKHIa1Jij9nKHSsNnb04A==}
    engines: {node: '>=20.0.0'}

  '@aws-sdk/credential-provider-ini@3.973.13':
    resolution: {integrity: sha512-2M39DE02XpYYaSWYk/4AsImXYUU/1L2xmTMLUpMMWq7DfLv191/vCRy3baKtdr45AkJQyVgSjmuVOLm15SwrRQ==}
    engines: {node: '>=20.0.0'}

  '@aws-sdk/credential-provider-login@3.972.75':
    resolution: {integrity: sha512-jaTESuJlQsoUZ44f/i2puyPt8VlF/dMMJ9HM3cStYtk7eKX4N9UWi83OLixUkoOJH3BwWlPLCq9YIK9nfWhVBg==}
    engines: {node: '>=20.0.0'}

  '@aws-sdk/credential-provider-node@3.972.79':
    resolution: {integrity: sha512-RIw5dof1EHkWubrZzPC941CDtnFG1iAXsxbFgLkhdYZXHc4icU13c/uxSMI0J5eUx9bxa7LjfpdjfClBB1QsDA==}
    engines: {node: '>=20.0.0'}

  '@aws-sdk/credential-provider-process@3.972.68':
    resolution: {integrity: sha512-nLP3Pda2MQTFJ25hKBMmUuB9Uv+bTZQNlufbeCwklP549Vwnkd8bRLJoCKp5k6xjmdyptrPrOfGOhN0mKuca8A==}
    engines: {node: '>=20.0.0'}

  '@aws-sdk/credential-provider-sso@3.973.12':
    resolution: {integrity: sha512-EmgyyHn+f9WCcelp3L/vci+LGbX8GigWaVphRArjVo5Pktkr9YnLy/mQ6VDkDyBD72dtfRNTgHmD2ts4rTDXKQ==}
    engines: {node: '>=20.0.0'}

  '@aws-sdk/credential-provider-web-identity@3.972.74':
    resolution: {integrity: sha512-0YfczxGXF3RjGj8z7QG/Ho2HnLGKDHfPSHiTs47UU1U/+mmwISDN+rvGKt2zh+3FX8NdT4xd95LGBGyhQw2dgQ==}
    engines: {node: '>=20.0.0'}

  '@aws-sdk/middleware-sdk-s3@3.972.73':
    resolution: {integrity: sha512-oy7sRA5HvHcAvkcKX6F8RI240jcOf3c8y/Gqjs9qemIibdKQqGBIi0uwa+47ZRYqGLpdEO28TQU4G73yUzo06Q==}
    engines: {node: '>=20.0.0'}

  '@aws-sdk/nested-clients@3.997.42':
    resolution: {integrity: sha512-XWRyon2MTHXD/zMoo0Mbge6Vwf+iE0qQaM/RyGO6NfZ9WukCFiQL27nQVZjYy2JwSIg+iXZxKOX95OBXqlSM4w==}
    engines: {node: '>=20.0.0'}

  '@aws-sdk/s3-request-presigner@3.1110.0':
    resolution: {integrity: sha512-xr7vfMj3Mea1r1+GzdBT/9LpKN2l+xBMSzbGoj3Uia6ERPMjx55BeqVtVGBHWw5+IKSGCx5SVC7Jn+3FxntMLg==}
    engines: {node: '>=20.0.0'}

  '@aws-sdk/signature-v4-multi-region@3.996.44':
    resolution: {integrity: sha512-ZSfQ35Qn4MhSY+A0Whyr+KBx+wJKZUyBsOrjB2pSHOafRzbFe47T8XcXM8hZqUAC69qnqIy0C9ArxTuud0CC2w==}
    engines: {node: '>=20.0.0'}

  '@aws-sdk/token-providers@3.1108.0':
    resolution: {integrity: sha512-rI80zxDxGJ6904eC/YbjkdjY6JdaZvQ01kOmrMvw7cFQGIHo27fhnIVbMSVDS4T6foQImjxYSRoOu/uSJscXDw==}
    engines: {node: '>=20.0.0'}

  '@aws-sdk/types@3.974.3':
    resolution: {integrity: sha512-ECAqfpNsef+7MO8qtR0h9KcFIBAygaE7Cm6UOiQl+ft+uVap+1G7bNEjs4mdJE2OnA4m6k7i8peH8uGIAsOMGw==}
    engines: {node: '>=20.0.0'}

  '@aws-sdk/xml-builder@3.972.38':
    resolution: {integrity: sha512-grf7mzfVxBS5AlsuTvBN7uDpzqohFww9fRPCO+EBSUdvtsYMcPSKdz54h/7XiscqNcUM1Ae1MF7JLHmiYYuzbQ==}
    engines: {node: '>=20.0.0'}

  '@aws/lambda-invoke-store@0.3.0':
    resolution: {integrity: sha512-sl4Bm6yiMNYrZKkqqDFWN0UfnWhlS8ivKxrYl+6t0gCLrqr8y3B2IqZZbFRkfaVVp7C/baApyh71P+LeE1A2sQ==}
    engines: {node: '>=18.0.0'}

  '@smithy/core@3.33.0':
    resolution: {integrity: sha512-uKbkxgqLyepQDZoq8aRSdUqD1ID//rOqG96ixBhp++O7vBtmwYM6fwldGhr9HJP0iYrdc7GP/AlgzPWEZIrNRg==}
    engines: {node: '>=18.0.0'}

  '@smithy/credential-provider-imds@4.5.0':
    resolution: {integrity: sha512-2jsPi+7Zv2hSzD9IXR9D7DTqSn7mv4XalzRm+bESh53jiaUS3NKEUbpQFTJP0HhQy9qzZvluxQ3yS24zdRrqsA==}
    engines: {node: '>=18.0.0'}

  '@smithy/fetch-http-handler@5.7.0':
    resolution: {integrity: sha512-W/exA8T0LEzCQtJ02w4IzaEQPIspgarqZprb7W8FwnYiDowgCrjl2fTQ6FvuSSUnJORuepBF81abmBJwqh+0XQ==}
    engines: {node: '>=18.0.0'}

  '@smithy/node-http-handler@4.11.0':
    resolution: {integrity: sha512-ssHIZsadPUA3lGdnoByxfnjtb9xPYQLvdfJRLKIwxOoa6tO1suG4sLFSsgd7D/CsvYd8QbBIuKTImuJha5l6aQ==}
    engines: {node: '>=18.0.0'}

  '@smithy/signature-v4@5.7.0':
    resolution: {integrity: sha512-hCynhm22wMJ8wTF9crcwu8mxggtUrSLLJgDcGUvYFBqpofxycYJCGKOMYg4xtPPFtgNiDJSYmhsWLTrcU/g59Q==}
    engines: {node: '>=18.0.0'}

  '@smithy/types@4.17.0':
    resolution: {integrity: sha512-Aw4joiM0ZdErpo39lCj8phT2lxoiKZV+KZzBxnnQhWVtU2Is/WffQSL04uUWRcXUse9Ln8vXZK6V/FwqRVnQpg==}
    engines: {node: '>=18.0.0'}

  '@turbo/darwin-64@2.10.9':
    resolution: {integrity: sha512-Jh+pTGXLNz8+1tkUU13TI/f+ZOI+OvC4YbHi1H+57iSpLt5DR3xgptd+4sA07RdjdRR/RX/01uQQu2OkbzIefA==}
    cpu: [x64]
    os: [darwin]

  '@turbo/darwin-arm64@2.10.9':
    resolution: {integrity: sha512-aqtpPkiIC4IUas8Vv27oJ3aDfTuP1d5wofd01dZ7gfhHRrIKuFdqQb4imvNnVFahcOViF9Jh8Oi7feDoz8/ciA==}
    cpu: [arm64]
    os: [darwin]

  '@turbo/linux-64@2.10.9':
    resolution: {integrity: sha512-XyAneUBsS5uNOUOjBSs81zyigMVwwhVUd3u7F2JFMKGQk6F7eNAiOEBASJ+aHLldjYsOEjhfW+5gWIqwziyFFw==}
    cpu: [x64]
    os: [android, linux]

  '@turbo/linux-arm64@2.10.9':
    resolution: {integrity: sha512-5jAcldLnkuWIjujGhCn2MGIeUwW8IVNOq9Sce4EEzzgLcxmhTasbV0RiW6ZkaRdOjmOCGzeNXPLkDJEOIucOLw==}
    cpu: [arm64]
    os: [android, linux]

  '@turbo/windows-64@2.10.9':
    resolution: {integrity: sha512-u1xGpGlefzuhBedbt/VR2nWdftfFVZwPeDg9e5uZl68sV1fL3HNYTNr5VyHkzgtPK2VTYg1x4OKZuGrh1Gvhtg==}
    cpu: [x64]
    os: [win32]

  '@turbo/windows-arm64@2.10.9':
    resolution: {integrity: sha512-W2Ub165Qv0iMFljbYKxxbZN+2dVSngnzEjQNEFXtnz5oJVx9XSypmNmUvMtuYMeZ3kdVC1zI7yd/rtuX+SDnbg==}
    cpu: [arm64]
    os: [win32]

  '@types/node@20.19.43':
    resolution: {integrity: sha512-6oYBAi5ikg4Pl+kGsoYtawUMBT2zZMCvPNF7pVLnHZfd1zf38DRiWn/gT01RYCdUqkv7Fhr+C9ot4/tb+2sVvA==}

  bowser@2.14.1:
    resolution: {integrity: sha512-tzPjzCxygAKWFOJP011oxFHs57HzIhOEracIgAePE4pqB3LikALKnSzUyU4MGs9/iCEUuHlAJTjTc5M+u7YEGg==}

  tslib@2.8.1:
    resolution: {integrity: sha512-oJFu94HQb+KVduSUQL7wnpmqnfmLsOA/nAh6b6EH0wCEoK0/mPeXU6c3wKDV83MkOuHPRHtSXKKU99IBazS/2w==}

  turbo@2.10.9:
    resolution: {integrity: sha512-Yl9+ukxH+UmPtKidpDkjn82tvPoEvFNb9UACd9vUomN1Ft0cwl3rx0P8yC1D93W9EOsWRMjllvIDG8y25sFOog==}
    hasBin: true

  typescript@5.9.3:
    resolution: {integrity: sha512-jl1vZzPDinLr9eUt3J/t7V6FgNEw9QjvBPdysz9KfQDD41fQrC2Y4vKQdiaUpFT4bXlb1RHhLpp8wtm6M5TgSw==}
    engines: {node: '>=14.17'}
    hasBin: true

  undici-types@6.21.0:
    resolution: {integrity: sha512-iwDZqg0QAGrg9Rav5H4n0M64c3mkR59cJ6wQp+7C4nI0gsmExaedaYLNO44eT4AtBBwjbTiGPMlt2Md0T9H9JQ==}

snapshots:

  '@aws-sdk/checksums@3.1000.27':
    dependencies:
      '@aws-sdk/core': 3.977.7
      '@aws-sdk/types': 3.974.3
      '@smithy/core': 3.33.0
      '@smithy/types': 4.17.0
      tslib: 2.8.1

  '@aws-sdk/client-s3@3.1110.0':
    dependencies:
      '@aws-sdk/checksums': 3.1000.27
      '@aws-sdk/core': 3.977.7
      '@aws-sdk/credential-provider-node': 3.972.79
      '@aws-sdk/middleware-sdk-s3': 3.972.73
      '@aws-sdk/signature-v4-multi-region': 3.996.44
      '@aws-sdk/types': 3.974.3
      '@smithy/core': 3.33.0
      '@smithy/fetch-http-handler': 5.7.0
      '@smithy/node-http-handler': 4.11.0
      '@smithy/types': 4.17.0
      tslib: 2.8.1

  '@aws-sdk/core@3.977.7':
    dependencies:
      '@aws-sdk/types': 3.974.3
      '@aws-sdk/xml-builder': 3.972.38
      '@aws/lambda-invoke-store': 0.3.0
      '@smithy/core': 3.33.0
      '@smithy/signature-v4': 5.7.0
      '@smithy/types': 4.17.0
      bowser: 2.14.1
      tslib: 2.8.1

  '@aws-sdk/credential-provider-env@3.972.68':
    dependencies:
      '@aws-sdk/core': 3.977.7
      '@aws-sdk/types': 3.974.3
      '@smithy/core': 3.33.0
      '@smithy/types': 4.17.0
      tslib: 2.8.1

  '@aws-sdk/credential-provider-http@3.972.70':
    dependencies:
      '@aws-sdk/core': 3.977.7
      '@aws-sdk/types': 3.974.3
      '@smithy/core': 3.33.0
      '@smithy/fetch-http-handler': 5.7.0
      '@smithy/node-http-handler': 4.11.0
      '@smithy/types': 4.17.0
      tslib: 2.8.1

  '@aws-sdk/credential-provider-ini@3.973.13':
    dependencies:
      '@aws-sdk/core': 3.977.7
      '@aws-sdk/credential-provider-env': 3.972.68
      '@aws-sdk/credential-provider-http': 3.972.70
      '@aws-sdk/credential-provider-login': 3.972.75
      '@aws-sdk/credential-provider-process': 3.972.68
      '@aws-sdk/credential-provider-sso': 3.973.12
      '@aws-sdk/credential-provider-web-identity': 3.972.74
      '@aws-sdk/nested-clients': 3.997.42
      '@aws-sdk/types': 3.974.3
      '@smithy/core': 3.33.0
      '@smithy/credential-provider-imds': 4.5.0
      '@smithy/types': 4.17.0
      tslib: 2.8.1

  '@aws-sdk/credential-provider-login@3.972.75':
    dependencies:
      '@aws-sdk/core': 3.977.7
      '@aws-sdk/nested-clients': 3.997.42
      '@aws-sdk/types': 3.974.3
      '@smithy/core': 3.33.0
      '@smithy/types': 4.17.0
      tslib: 2.8.1

  '@aws-sdk/credential-provider-node@3.972.79':
    dependencies:
      '@aws-sdk/credential-provider-env': 3.972.68
      '@aws-sdk/credential-provider-http': 3.972.70
      '@aws-sdk/credential-provider-ini': 3.973.13
      '@aws-sdk/credential-provider-process': 3.972.68
      '@aws-sdk/credential-provider-sso': 3.973.12
      '@aws-sdk/credential-provider-web-identity': 3.972.74
      '@aws-sdk/types': 3.974.3
      '@smithy/core': 3.33.0
      '@smithy/credential-provider-imds': 4.5.0
      '@smithy/types': 4.17.0
      tslib: 2.8.1

  '@aws-sdk/credential-provider-process@3.972.68':
    dependencies:
      '@aws-sdk/core': 3.977.7
      '@aws-sdk/types': 3.974.3
      '@smithy/core': 3.33.0
      '@smithy/types': 4.17.0
      tslib: 2.8.1

  '@aws-sdk/credential-provider-sso@3.973.12':
    dependencies:
      '@aws-sdk/core': 3.977.7
      '@aws-sdk/nested-clients': 3.997.42
      '@aws-sdk/token-providers': 3.1108.0
      '@aws-sdk/types': 3.974.3
      '@smithy/core': 3.33.0
      '@smithy/types': 4.17.0
      tslib: 2.8.1

  '@aws-sdk/credential-provider-web-identity@3.972.74':
    dependencies:
      '@aws-sdk/core': 3.977.7
      '@aws-sdk/nested-clients': 3.997.42
      '@aws-sdk/types': 3.974.3
      '@smithy/core': 3.33.0
      '@smithy/types': 4.17.0
      tslib: 2.8.1

  '@aws-sdk/middleware-sdk-s3@3.972.73':
    dependencies:
      '@aws-sdk/core': 3.977.7
      '@aws-sdk/signature-v4-multi-region': 3.996.44
      '@aws-sdk/types': 3.974.3
      '@smithy/core': 3.33.0
      '@smithy/types': 4.17.0
      tslib: 2.8.1

  '@aws-sdk/nested-clients@3.997.42':
    dependencies:
      '@aws-sdk/core': 3.977.7
      '@aws-sdk/signature-v4-multi-region': 3.996.44
      '@aws-sdk/types': 3.974.3
      '@smithy/core': 3.33.0
      '@smithy/fetch-http-handler': 5.7.0
      '@smithy/node-http-handler': 4.11.0
      '@smithy/types': 4.17.0
      tslib: 2.8.1

  '@aws-sdk/s3-request-presigner@3.1110.0':
    dependencies:
      '@aws-sdk/core': 3.977.7
      '@aws-sdk/signature-v4-multi-region': 3.996.44
      '@aws-sdk/types': 3.974.3
      '@smithy/core': 3.33.0
      '@smithy/types': 4.17.0
      tslib: 2.8.1

  '@aws-sdk/signature-v4-multi-region@3.996.44':
    dependencies:
      '@aws-sdk/types': 3.974.3
      '@smithy/signature-v4': 5.7.0
      '@smithy/types': 4.17.0
      tslib: 2.8.1

  '@aws-sdk/token-providers@3.1108.0':
    dependencies:
      '@aws-sdk/core': 3.977.7
      '@aws-sdk/nested-clients': 3.997.42
      '@aws-sdk/types': 3.974.3
      '@smithy/core': 3.33.0
      '@smithy/types': 4.17.0
      tslib: 2.8.1

  '@aws-sdk/types@3.974.3':
    dependencies:
      '@smithy/types': 4.17.0
      tslib: 2.8.1

  '@aws-sdk/xml-builder@3.972.38':
    dependencies:
      '@smithy/types': 4.17.0
      tslib: 2.8.1

  '@aws/lambda-invoke-store@0.3.0': {}

  '@smithy/core@3.33.0':
    dependencies:
      '@smithy/types': 4.17.0
      tslib: 2.8.1

  '@smithy/credential-provider-imds@4.5.0':
    dependencies:
      '@smithy/core': 3.33.0
      '@smithy/types': 4.17.0
      tslib: 2.8.1

  '@smithy/fetch-http-handler@5.7.0':
    dependencies:
      '@smithy/core': 3.33.0
      '@smithy/types': 4.17.0
      tslib: 2.8.1

  '@smithy/node-http-handler@4.11.0':
    dependencies:
      '@smithy/core': 3.33.0
      '@smithy/types': 4.17.0
      tslib: 2.8.1

  '@smithy/signature-v4@5.7.0':
    dependencies:
      '@smithy/core': 3.33.0
      '@smithy/types': 4.17.0
      tslib: 2.8.1

  '@smithy/types@4.17.0':
    dependencies:
      tslib: 2.8.1

  '@turbo/darwin-64@2.10.9':
    optional: true

  '@turbo/darwin-arm64@2.10.9':
    optional: true

  '@turbo/linux-64@2.10.9':
    optional: true

  '@turbo/linux-arm64@2.10.9':
    optional: true

  '@turbo/windows-64@2.10.9':
    optional: true

  '@turbo/windows-arm64@2.10.9':
    optional: true

  '@types/node@20.19.43':
    dependencies:
      undici-types: 6.21.0

  bowser@2.14.1: {}

  tslib@2.8.1: {}

  turbo@2.10.9:
    optionalDependencies:
      '@turbo/darwin-64': 2.10.9
      '@turbo/darwin-arm64': 2.10.9
      '@turbo/linux-64': 2.10.9
      '@turbo/linux-arm64': 2.10.9
      '@turbo/windows-64': 2.10.9
      '@turbo/windows-arm64': 2.10.9

  typescript@5.9.3: {}

  undici-types@6.21.0: {}
